{
  "requires": true,
  "lockfileVersion": 1,
  "dependencies": {
    "browser-image-compression": {
      "version": "1.0.14",
      "resolved": "https://registry.npmjs.org/browser-image-compression/-/browser-image-compression-1.0.14.tgz",
      "integrity": "sha512-W8igE2BhGE/EcSDLFIQOW5cJrPnMJdCeAy1xG1BDqJFPxUXz2ZDiZyCLDpU3lj08GyEvHv7Gunr+e+8jbPSdtg==",
      "requires": {
        "upng-js": "2.1.0",
        "uzip": "0.20201231.0"
      }
    },
    "moment": {
      "version": "2.29.1",
      "resolved": "https://registry.npmjs.org/moment/-/moment-2.29.1.tgz",
      "integrity": "sha512-kHmoybcPV8Sqy59DwNDY3Jefr64lK/by/da0ViFcuA4DH0vQg5Q6Ze5VimxkfQNSC+Mls/Kx53s7TjP1RhFEDQ=="
    },
    "pako": {
      "version": "1.0.11",
      "resolved": "https://registry.npmjs.org/pako/-/pako-1.0.11.tgz",
      "integrity": "sha512-4hLB8Py4zZce5s4yd9XzopqwVv/yGNhV1Bl8NTmCq1763HeK2+EwVTv+leGeL13Dnh2wfbqowVPXCIO0z4taYw=="
    },
    "upng-js": {
      "version": "2.1.0",
      "resolved": "https://registry.npmjs.org/upng-js/-/upng-js-2.1.0.tgz",
      "integrity": "sha512-d3xzZzpMP64YkjP5pr8gNyvBt7dLk/uGI67EctzDuVp4lCZyVMo0aJO6l/VDlgbInJYDY6cnClLoBp29eKWI6g==",
      "requires": {
        "pako": "^1.0.5"
      }
    },
    "uzip": {
      "version": "0.20201231.0",
      "resolved": "https://registry.npmjs.org/uzip/-/uzip-0.20201231.0.tgz",
      "integrity": "sha512-OZeJfZP+R0z9D6TmBgLq2LHzSSptGMGDGigGiEe0pr8UBe/7fdflgHlHBNDASTXB5jnFuxHpNaJywSg8YFeGng=="
    },
    "vue-router": {
      "version": "3.5.1",
      "resolved": "https://registry.npmjs.org/vue-router/-/vue-router-3.5.1.tgz",
      "integrity": "sha512-RRQNLT8Mzr8z7eL4p7BtKvRaTSGdCbTy2+Mm5HTJvLGYSSeG9gDzNasJPP/yOYKLy+/cLG/ftrqq5fvkFwBJEw=="
    },
    "vuex": {
      "version": "3.6.2",
      "resolved": "https://registry.npmjs.org/vuex/-/vuex-3.6.2.tgz",
      "integrity": "sha512-ETW44IqCgBpVomy520DT5jf8n0zoCac+sxWnn+hMe/CzaSejb/eVw2YToiXYX+Ex/AuHHia28vWTq4goAexFbw=="
    }
  }
}
